// !$*UTF8*$!
{
	archiveVersion = 1;
	classes = {
	};
	objectVersion = 52;
	objects = {

/* Begin PBXBuildFile section */
		0489BF2625DC984300DAD496 /* UIButton.swift in Sources */ = {isa = PBXBuildFile; fileRef = 0489BF2525DC984300DAD496 /* UIButton.swift */; };
		0489BF3A25DC9FA700DAD496 /* MovieDetailInteractor.swift in Sources */ = {isa = PBXBuildFile; fileRef = 0489BF3925DC9FA700DAD496 /* MovieDetailInteractor.swift */; };
		0489BF3D25DC9FB200DAD496 /* MovieDetailRouter.swift in Sources */ = {isa = PBXBuildFile; fileRef = 0489BF3C25DC9FB200DAD496 /* MovieDetailRouter.swift */; };
		0489BF4425DCA02400DAD496 /* MovieRouter.swift in Sources */ = {isa = PBXBuildFile; fileRef = 0489BF2825DC9DCC00DAD496 /* MovieRouter.swift */; };
		0489BF4725DCA03C00DAD496 /* MovieDetailViewController.swift in Sources */ = {isa = PBXBuildFile; fileRef = 0489BF3625DC9F9B00DAD496 /* MovieDetailViewController.swift */; };
		0489BF4D25DCA0E700DAD496 /* MovieViewController.swift in Sources */ = {isa = PBXBuildFile; fileRef = 04A1AF6625DB435500C1F824 /* MovieViewController.swift */; };
		0489BF5025DCA1D600DAD496 /* MovieTVDataSource.swift in Sources */ = {isa = PBXBuildFile; fileRef = 04A1AFB725DB513800C1F824 /* MovieTVDataSource.swift */; };
		04A1AF6325DB435500C1F824 /* AppDelegate.swift in Sources */ = {isa = PBXBuildFile; fileRef = 04A1AF6225DB435500C1F824 /* AppDelegate.swift */; };
		04A1AF6C25DB435600C1F824 /* Assets.xcassets in Resources */ = {isa = PBXBuildFile; fileRef = 04A1AF6B25DB435600C1F824 /* Assets.xcassets */; };
		04A1AF6F25DB435600C1F824 /* LaunchScreen.storyboard in Resources */ = {isa = PBXBuildFile; fileRef = 04A1AF6D25DB435600C1F824 /* LaunchScreen.storyboard */; };
		04A1AF8125DB441400C1F824 /* Constraints.swift in Sources */ = {isa = PBXBuildFile; fileRef = 04A1AF8025DB441400C1F824 /* Constraints.swift */; };
		04A1AF8525DB442000C1F824 /* UINavigationController.swift in Sources */ = {isa = PBXBuildFile; fileRef = 04A1AF8425DB442000C1F824 /* UINavigationController.swift */; };
		04A1AF8825DB442C00C1F824 /* UILabel.swift in Sources */ = {isa = PBXBuildFile; fileRef = 04A1AF8725DB442C00C1F824 /* UILabel.swift */; };
		04A1AF8C25DB444E00C1F824 /* Constants.swift in Sources */ = {isa = PBXBuildFile; fileRef = 04A1AF8B25DB444E00C1F824 /* Constants.swift */; };
		04A1AF8F25DB445900C1F824 /* Localization.swift in Sources */ = {isa = PBXBuildFile; fileRef = 04A1AF8E25DB445900C1F824 /* Localization.swift */; };
		04A1AF9925DB455300C1F824 /* Alamofire in Frameworks */ = {isa = PBXBuildFile; productRef = 04A1AF9825DB455300C1F824 /* Alamofire */; };
		04A1AF9D25DB462200C1F824 /* Kingfisher in Frameworks */ = {isa = PBXBuildFile; productRef = 04A1AF9C25DB462200C1F824 /* Kingfisher */; };
		04A1AFA725DB466800C1F824 /* SceneDelegate.swift in Sources */ = {isa = PBXBuildFile; fileRef = 04A1AF6425DB435500C1F824 /* SceneDelegate.swift */; };
		04A1AFAB25DB46CD00C1F824 /* AppProtocols.swift in Sources */ = {isa = PBXBuildFile; fileRef = 04A1AFAA25DB46CD00C1F824 /* AppProtocols.swift */; };
		04A1AFAE25DB4D2500C1F824 /* MoviePresenter.swift in Sources */ = {isa = PBXBuildFile; fileRef = 04A1AFAD25DB4D2500C1F824 /* MoviePresenter.swift */; };
		04A1AFB125DB4D3800C1F824 /* MovieInteractor.swift in Sources */ = {isa = PBXBuildFile; fileRef = 04A1AFB025DB4D3800C1F824 /* MovieInteractor.swift */; };
		04A1AFB525DB4DE500C1F824 /* MovieExtention.swift in Sources */ = {isa = PBXBuildFile; fileRef = 04A1AFB425DB4DE500C1F824 /* MovieExtention.swift */; };
		04A1AFBC25DB51B500C1F824 /* MovieTableViewCell.swift in Sources */ = {isa = PBXBuildFile; fileRef = 04A1AFBB25DB51B500C1F824 /* MovieTableViewCell.swift */; };
		04A1AFC125DB543A00C1F824 /* Movie.swift in Sources */ = {isa = PBXBuildFile; fileRef = 04A1AFC025DB543A00C1F824 /* Movie.swift */; };
		04A1AFC425DB544100C1F824 /* Results.swift in Sources */ = {isa = PBXBuildFile; fileRef = 04A1AFC325DB544100C1F824 /* Results.swift */; };
		04A1AFC825DB5B6800C1F824 /* MovieWorker.swift in Sources */ = {isa = PBXBuildFile; fileRef = 04A1AFC725DB5B6800C1F824 /* MovieWorker.swift */; };
		04A1AFCD25DB5F3600C1F824 /* MovieCellModel.swift in Sources */ = {isa = PBXBuildFile; fileRef = 04A1AFCC25DB5F3600C1F824 /* MovieCellModel.swift */; };
/* End PBXBuildFile section */

/* Begin PBXFileReference section */
		0489BF2525DC984300DAD496 /* UIButton.swift */ = {isa = PBXFileReference; lastKnownFileType = sourcecode.swift; path = UIButton.swift; sourceTree = "<group>"; };
		0489BF2825DC9DCC00DAD496 /* MovieRouter.swift */ = {isa = PBXFileReference; lastKnownFileType = sourcecode.swift; path = MovieRouter.swift; sourceTree = "<group>"; };
		0489BF3625DC9F9B00DAD496 /* MovieDetailViewController.swift */ = {isa = PBXFileReference; lastKnownFileType = sourcecode.swift; path = MovieDetailViewController.swift; sourceTree = "<group>"; };
		0489BF3925DC9FA700DAD496 /* MovieDetailInteractor.swift */ = {isa = PBXFileReference; lastKnownFileType = sourcecode.swift; path = MovieDetailInteractor.swift; sourceTree = "<group>"; };
		0489BF3C25DC9FB200DAD496 /* MovieDetailRouter.swift */ = {isa = PBXFileReference; lastKnownFileType = sourcecode.swift; path = MovieDetailRouter.swift; sourceTree = "<group>"; };
		04A1AF5F25DB435500C1F824 /* CleanSwift.app */ = {isa = PBXFileReference; explicitFileType = wrapper.application; includeInIndex = 0; path = CleanSwift.app; sourceTree = BUILT_PRODUCTS_DIR; };
		04A1AF6225DB435500C1F824 /* AppDelegate.swift */ = {isa = PBXFileReference; lastKnownFileType = sourcecode.swift; path = AppDelegate.swift; sourceTree = "<group>"; };
		04A1AF6425DB435500C1F824 /* SceneDelegate.swift */ = {isa = PBXFileReference; lastKnownFileType = sourcecode.swift; path = SceneDelegate.swift; sourceTree = "<group>"; };
		04A1AF6625DB435500C1F824 /* MovieViewController.swift */ = {isa = PBXFileReference; lastKnownFileType = sourcecode.swift; path = MovieViewController.swift; sourceTree = "<group>"; };
		04A1AF6B25DB435600C1F824 /* Assets.xcassets */ = {isa = PBXFileReference; lastKnownFileType = folder.assetcatalog; path = Assets.xcassets; sourceTree = "<group>"; };
		04A1AF6E25DB435600C1F824 /* Base */ = {isa = PBXFileReference; lastKnownFileType = file.storyboard; name = Base; path = Base.lproj/LaunchScreen.storyboard; sourceTree = "<group>"; };
		04A1AF7025DB435600C1F824 /* Info.plist */ = {isa = PBXFileReference; lastKnownFileType = text.plist.xml; path = Info.plist; sourceTree = "<group>"; };
		04A1AF8025DB441400C1F824 /* Constraints.swift */ = {isa = PBXFileReference; lastKnownFileType = sourcecode.swift; path = Constraints.swift; sourceTree = "<group>"; };
		04A1AF8425DB442000C1F824 /* UINavigationController.swift */ = {isa = PBXFileReference; lastKnownFileType = sourcecode.swift; path = UINavigationController.swift; sourceTree = "<group>"; };
		04A1AF8725DB442C00C1F824 /* UILabel.swift */ = {isa = PBXFileReference; lastKnownFileType = sourcecode.swift; path = UILabel.swift; sourceTree = "<group>"; };
		04A1AF8B25DB444E00C1F824 /* Constants.swift */ = {isa = PBXFileReference; lastKnownFileType = sourcecode.swift; path = Constants.swift; sourceTree = "<group>"; };
		04A1AF8E25DB445900C1F824 /* Localization.swift */ = {isa = PBXFileReference; lastKnownFileType = sourcecode.swift; path = Localization.swift; sourceTree = "<group>"; };
		04A1AFAA25DB46CD00C1F824 /* AppProtocols.swift */ = {isa = PBXFileReference; lastKnownFileType = sourcecode.swift; path = AppProtocols.swift; sourceTree = "<group>"; };
		04A1AFAD25DB4D2500C1F824 /* MoviePresenter.swift */ = {isa = PBXFileReference; lastKnownFileType = sourcecode.swift; path = MoviePresenter.swift; sourceTree = "<group>"; };
		04A1AFB025DB4D3800C1F824 /* MovieInteractor.swift */ = {isa = PBXFileReference; lastKnownFileType = sourcecode.swift; path = MovieInteractor.swift; sourceTree = "<group>"; };
		04A1AFB425DB4DE500C1F824 /* MovieExtention.swift */ = {isa = PBXFileReference; lastKnownFileType = sourcecode.swift; path = MovieExtention.swift; sourceTree = "<group>"; };
		04A1AFB725DB513800C1F824 /* MovieTVDataSource.swift */ = {isa = PBXFileReference; lastKnownFileType = sourcecode.swift; path = MovieTVDataSource.swift; sourceTree = "<group>"; };
		04A1AFBB25DB51B500C1F824 /* MovieTableViewCell.swift */ = {isa = PBXFileReference; lastKnownFileType = sourcecode.swift; path = MovieTableViewCell.swift; sourceTree = "<group>"; };
		04A1AFC025DB543A00C1F824 /* Movie.swift */ = {isa = PBXFileReference; lastKnownFileType = sourcecode.swift; path = Movie.swift; sourceTree = "<group>"; };
		04A1AFC325DB544100C1F824 /* Results.swift */ = {isa = PBXFileReference; lastKnownFileType = sourcecode.swift; path = Results.swift; sourceTree = "<group>"; };
		04A1AFC725DB5B6800C1F824 /* MovieWorker.swift */ = {isa = PBXFileReference; lastKnownFileType = sourcecode.swift; path = MovieWorker.swift; sourceTree = "<group>"; };
		04A1AFCC25DB5F3600C1F824 /* MovieCellModel.swift */ = {isa = PBXFileReference; lastKnownFileType = sourcecode.swift; path = MovieCellModel.swift; sourceTree = "<group>"; };
/* End PBXFileReference section */

/* Begin PBXFrameworksBuildPhase section */
		04A1AF5C25DB435500C1F824 /* Frameworks */ = {
			isa = PBXFrameworksBuildPhase;
			buildActionMask = 2147483647;
			files = (
				04A1AF9D25DB462200C1F824 /* Kingfisher in Frameworks */,
				04A1AF9925DB455300C1F824 /* Alamofire in Frameworks */,
			);
			runOnlyForDeploymentPostprocessing = 0;
		};
/* End PBXFrameworksBuildPhase section */

/* Begin PBXGroup section */
		0489BF3125DC9EEC00DAD496 /* Movie */ = {
			isa = PBXGroup;
			children = (
				04A1AF9325DB447700C1F824 /* View Controller */,
				04A1AF9125DB446C00C1F824 /* View */,
				04A1AF9625DB44A100C1F824 /* Presenter */,
				04A1AF9525DB449A00C1F824 /* Interactor */,
				04A1AFC625DB5B4E00C1F824 /* Worker */,
				04A1AF9425DB449300C1F824 /* Router */,
			);
			path = Movie;
			sourceTree = "<group>";
		};
		0489BF3225DC9F4600DAD496 /* MovieDetails */ = {
			isa = PBXGroup;
			children = (
				0489BF3325DC9F5A00DAD496 /* ViewController */,
				0489BF3425DC9F6100DAD496 /* Interactor */,
				0489BF3525DC9F7200DAD496 /* Router */,
			);
			path = MovieDetails;
			sourceTree = "<group>";
		};
		0489BF3325DC9F5A00DAD496 /* ViewController */ = {
			isa = PBXGroup;
			children = (
				0489BF3625DC9F9B00DAD496 /* MovieDetailViewController.swift */,
			);
			path = ViewController;
			sourceTree = "<group>";
		};
		0489BF3425DC9F6100DAD496 /* Interactor */ = {
			isa = PBXGroup;
			children = (
				0489BF3925DC9FA700DAD496 /* MovieDetailInteractor.swift */,
			);
			path = Interactor;
			sourceTree = "<group>";
		};
		0489BF3525DC9F7200DAD496 /* Router */ = {
			isa = PBXGroup;
			children = (
				0489BF3C25DC9FB200DAD496 /* MovieDetailRouter.swift */,
			);
			path = Router;
			sourceTree = "<group>";
		};
		04A1AF5625DB435400C1F824 = {
			isa = PBXGroup;
			children = (
				04A1AF6125DB435500C1F824 /* CleanSwift */,
				04A1AF6025DB435500C1F824 /* Products */,
			);
			sourceTree = "<group>";
		};
		04A1AF6025DB435500C1F824 /* Products */ = {
			isa = PBXGroup;
			children = (
				04A1AF5F25DB435500C1F824 /* CleanSwift.app */,
			);
			name = Products;
			sourceTree = "<group>";
		};
		04A1AF6125DB435500C1F824 /* CleanSwift */ = {
			isa = PBXGroup;
			children = (
				04A1AF7825DB436800C1F824 /* Scene */,
				04A1AF7925DB437300C1F824 /* Application Layer */,
				04A1AF7A25DB438100C1F824 /* Presentation Layer */,
				04A1AF7B25DB43D000C1F824 /* Buisness Logic Layer */,
				04A1AF7C25DB43E300C1F824 /* Core Layer */,
				04A1AF7D25DB43F100C1F824 /* Supporting Files */,
				04A1AF7025DB435600C1F824 /* Info.plist */,
			);
			path = CleanSwift;
			sourceTree = "<group>";
		};
		04A1AF7825DB436800C1F824 /* Scene */ = {
			isa = PBXGroup;
			children = (
				04A1AF6D25DB435600C1F824 /* LaunchScreen.storyboard */,
				04A1AF6425DB435500C1F824 /* SceneDelegate.swift */,
			);
			path = Scene;
			sourceTree = "<group>";
		};
		04A1AF7925DB437300C1F824 /* Application Layer */ = {
			isa = PBXGroup;
			children = (
				04A1AF6225DB435500C1F824 /* AppDelegate.swift */,
			);
			path = "Application Layer";
			sourceTree = "<group>";
		};
		04A1AF7A25DB438100C1F824 /* Presentation Layer */ = {
			isa = PBXGroup;
			children = (
				0489BF3125DC9EEC00DAD496 /* Movie */,
				0489BF3225DC9F4600DAD496 /* MovieDetails */,
			);
			path = "Presentation Layer";
			sourceTree = "<group>";
		};
		04A1AF7B25DB43D000C1F824 /* Buisness Logic Layer */ = {
			isa = PBXGroup;
			children = (
				04A1AFBF25DB541F00C1F824 /* Entities */,
			);
			path = "Buisness Logic Layer";
			sourceTree = "<group>";
		};
		04A1AF7C25DB43E300C1F824 /* Core Layer */ = {
			isa = PBXGroup;
			children = (
			);
			path = "Core Layer";
			sourceTree = "<group>";
		};
		04A1AF7D25DB43F100C1F824 /* Supporting Files */ = {
			isa = PBXGroup;
			children = (
				04A1AFA925DB46C100C1F824 /* Protocols */,
				04A1AF8A25DB444500C1F824 /* AppConstants */,
				04A1AF7F25DB440600C1F824 /* Extention + helps */,
				04A1AF7E25DB43FF00C1F824 /* Resourses */,
			);
			path = "Supporting Files";
			sourceTree = "<group>";
		};
		04A1AF7E25DB43FF00C1F824 /* Resourses */ = {
			isa = PBXGroup;
			children = (
				04A1AF6B25DB435600C1F824 /* Assets.xcassets */,
			);
			path = Resourses;
			sourceTree = "<group>";
		};
		04A1AF7F25DB440600C1F824 /* Extention + helps */ = {
			isa = PBXGroup;
			children = (
				04A1AF8025DB441400C1F824 /* Constraints.swift */,
				04A1AF8425DB442000C1F824 /* UINavigationController.swift */,
				04A1AF8725DB442C00C1F824 /* UILabel.swift */,
				0489BF2525DC984300DAD496 /* UIButton.swift */,
			);
			path = "Extention + helps";
			sourceTree = "<group>";
		};
		04A1AF8A25DB444500C1F824 /* AppConstants */ = {
			isa = PBXGroup;
			children = (
				04A1AF8B25DB444E00C1F824 /* Constants.swift */,
				04A1AF8E25DB445900C1F824 /* Localization.swift */,
			);
			path = AppConstants;
			sourceTree = "<group>";
		};
		04A1AF9125DB446C00C1F824 /* View */ = {
			isa = PBXGroup;
			children = (
				04A1AFBA25DB51A800C1F824 /* Cells */,
			);
			path = View;
			sourceTree = "<group>";
		};
		04A1AF9325DB447700C1F824 /* View Controller */ = {
			isa = PBXGroup;
			children = (
				04A1AFB325DB4DC100C1F824 /* Open - Closed */,
				04A1AF6625DB435500C1F824 /* MovieViewController.swift */,
			);
			path = "View Controller";
			sourceTree = "<group>";
		};
		04A1AF9425DB449300C1F824 /* Router */ = {
			isa = PBXGroup;
			children = (
				0489BF2825DC9DCC00DAD496 /* MovieRouter.swift */,
			);
			path = Router;
			sourceTree = "<group>";
		};
		04A1AF9525DB449A00C1F824 /* Interactor */ = {
			isa = PBXGroup;
			children = (
				04A1AFB025DB4D3800C1F824 /* MovieInteractor.swift */,
			);
			path = Interactor;
			sourceTree = "<group>";
		};
		04A1AF9625DB44A100C1F824 /* Presenter */ = {
			isa = PBXGroup;
			children = (
				04A1AFAD25DB4D2500C1F824 /* MoviePresenter.swift */,
			);
			path = Presenter;
			sourceTree = "<group>";
		};
		04A1AFA925DB46C100C1F824 /* Protocols */ = {
			isa = PBXGroup;
			children = (
				04A1AFAA25DB46CD00C1F824 /* AppProtocols.swift */,
			);
			path = Protocols;
			sourceTree = "<group>";
		};
		04A1AFB325DB4DC100C1F824 /* Open - Closed */ = {
			isa = PBXGroup;
			children = (
				04A1AFB425DB4DE500C1F824 /* MovieExtention.swift */,
				04A1AFB725DB513800C1F824 /* MovieTVDataSource.swift */,
			);
			path = "Open - Closed";
			sourceTree = "<group>";
		};
		04A1AFBA25DB51A800C1F824 /* Cells */ = {
			isa = PBXGroup;
			children = (
				04A1AFBB25DB51B500C1F824 /* MovieTableViewCell.swift */,
				04A1AFCC25DB5F3600C1F824 /* MovieCellModel.swift */,
			);
			path = Cells;
			sourceTree = "<group>";
		};
		04A1AFBF25DB541F00C1F824 /* Entities */ = {
			isa = PBXGroup;
			children = (
				04A1AFC025DB543A00C1F824 /* Movie.swift */,
				04A1AFC325DB544100C1F824 /* Results.swift */,
			);
			path = Entities;
			sourceTree = "<group>";
		};
		04A1AFC625DB5B4E00C1F824 /* Worker */ = {
			isa = PBXGroup;
			children = (
				04A1AFC725DB5B6800C1F824 /* MovieWorker.swift */,
			);
			path = Worker;
			sourceTree = "<group>";
		};
/* End PBXGroup section */

/* Begin PBXNativeTarget section */
		04A1AF5E25DB435500C1F824 /* CleanSwift */ = {
			isa = PBXNativeTarget;
			buildConfigurationList = 04A1AF7325DB435600C1F824 /* Build configuration list for PBXNativeTarget "CleanSwift" */;
			buildPhases = (
				04A1AF5B25DB435500C1F824 /* Sources */,
				04A1AF5C25DB435500C1F824 /* Frameworks */,
				04A1AF5D25DB435500C1F824 /* Resources */,
			);
			buildRules = (
			);
			dependencies = (
			);
			name = CleanSwift;
			packageProductDependencies = (
				04A1AF9825DB455300C1F824 /* Alamofire */,
				04A1AF9C25DB462200C1F824 /* Kingfisher */,
			);
			productName = CleanSwift;
			productReference = 04A1AF5F25DB435500C1F824 /* CleanSwift.app */;
			productType = "com.apple.product-type.application";
		};
/* End PBXNativeTarget section */

/* Begin PBXProject section */
		04A1AF5725DB435400C1F824 /* Project object */ = {
			isa = PBXProject;
			attributes = {
				LastSwiftUpdateCheck = 1240;
				LastUpgradeCheck = 1240;
				TargetAttributes = {
					04A1AF5E25DB435500C1F824 = {
						CreatedOnToolsVersion = 12.4;
					};
				};
			};
			buildConfigurationList = 04A1AF5A25DB435400C1F824 /* Build configuration list for PBXProject "CleanSwift" */;
			compatibilityVersion = "Xcode 9.3";
			developmentRegion = en;
			hasScannedForEncodings = 0;
			knownRegions = (
				en,
				Base,
			);
			mainGroup = 04A1AF5625DB435400C1F824;
			packageReferences = (
				04A1AF9725DB455300C1F824 /* XCRemoteSwiftPackageReference "Alamofire" */,
				04A1AF9B25DB462200C1F824 /* XCRemoteSwiftPackageReference "Kingfisher" */,
			);
			productRefGroup = 04A1AF6025DB435500C1F824 /* Products */;
			projectDirPath = "";
			projectRoot = "";
			targets = (
				04A1AF5E25DB435500C1F824 /* CleanSwift */,
			);
		};
/* End PBXProject section */

/* Begin PBXResourcesBuildPhase section */
		04A1AF5D25DB435500C1F824 /* Resources */ = {
			isa = PBXResourcesBuildPhase;
			buildActionMask = 2147483647;
			files = (
				04A1AF6F25DB435600C1F824 /* LaunchScreen.storyboard in Resources */,
				04A1AF6C25DB435600C1F824 /* Assets.xcassets in Resources */,
			);
			runOnlyForDeploymentPostprocessing = 0;
		};
/* End PBXResourcesBuildPhase section */

/* Begin PBXSourcesBuildPhase section */
		04A1AF5B25DB435500C1F824 /* Sources */ = {
			isa = PBXSourcesBuildPhase;
			buildActionMask = 2147483647;
			files = (
				0489BF3D25DC9FB200DAD496 /* MovieDetailRouter.swift in Sources */,
				04A1AF8125DB441400C1F824 /* Constraints.swift in Sources */,
				04A1AF8525DB442000C1F824 /* UINavigationController.swift in Sources */,
				04A1AFBC25DB51B500C1F824 /* MovieTableViewCell.swift in Sources */,
				0489BF4725DCA03C00DAD496 /* MovieDetailViewController.swift in Sources */,
				04A1AF6325DB435500C1F824 /* AppDelegate.swift in Sources */,
				04A1AFB125DB4D3800C1F824 /* MovieInteractor.swift in Sources */,
				04A1AFAE25DB4D2500C1F824 /* MoviePresenter.swift in Sources */,
				0489BF2625DC984300DAD496 /* UIButton.swift in Sources */,
				04A1AF8C25DB444E00C1F824 /* Constants.swift in Sources */,
				04A1AFCD25DB5F3600C1F824 /* MovieCellModel.swift in Sources */,
				04A1AF8825DB442C00C1F824 /* UILabel.swift in Sources */,
				04A1AF8F25DB445900C1F824 /* Localization.swift in Sources */,
				04A1AFC425DB544100C1F824 /* Results.swift in Sources */,
				04A1AFB525DB4DE500C1F824 /* MovieExtention.swift in Sources */,
				0489BF4425DCA02400DAD496 /* MovieRouter.swift in Sources */,
				04A1AFA725DB466800C1F824 /* SceneDelegate.swift in Sources */,
				04A1AFAB25DB46CD00C1F824 /* AppProtocols.swift in Sources */,
				04A1AFC825DB5B6800C1F824 /* MovieWorker.swift in Sources */,
				0489BF5025DCA1D600DAD496 /* MovieTVDataSource.swift in Sources */,
				0489BF3A25DC9FA700DAD496 /* MovieDetailInteractor.swift in Sources */,
				04A1AFC125DB543A00C1F824 /* Movie.swift in Sources */,
				0489BF4D25DCA0E700DAD496 /* MovieViewController.swift in Sources */,
			);
			runOnlyForDeploymentPostprocessing = 0;
		};
/* End PBXSourcesBuildPhase section */

/* Begin PBXVariantGroup section */
		04A1AF6D25DB435600C1F824 /* LaunchScreen.storyboard */ = {
			isa = PBXVariantGroup;
			children = (
				04A1AF6E25DB435600C1F824 /* Base */,
			);
			name = LaunchScreen.storyboard;
			sourceTree = "<group>";
		};
/* End PBXVariantGroup section */

/* Begin XCBuildConfiguration section */
		04A1AF7125DB435600C1F824 /* Debug */ = {
			isa = XCBuildConfiguration;
			buildSettings = {
				ALWAYS_SEARCH_USER_PATHS = NO;
				CLANG_ANALYZER_NONNULL = YES;
				CLANG_ANALYZER_NUMBER_OBJECT_CONVERSION = YES_AGGRESSIVE;
				CLANG_CXX_LANGUAGE_STANDARD = "gnu++14";
				CLANG_CXX_LIBRARY = "libc++";
				CLANG_ENABLE_MODULES = YES;
				CLANG_ENABLE_OBJC_ARC = YES;
				CLANG_ENABLE_OBJC_WEAK = YES;
				CLANG_WARN_BLOCK_CAPTURE_AUTORELEASING = YES;
				CLANG_WARN_BOOL_CONVERSION = YES;
				CLANG_WARN_COMMA = YES;
				CLANG_WARN_CONSTANT_CONVERSION = YES;
				CLANG_WARN_DEPRECATED_OBJC_IMPLEMENTATIONS = YES;
				CLANG_WARN_DIRECT_OBJC_ISA_USAGE = YES_ERROR;
				CLANG_WARN_DOCUMENTATION_COMMENTS = YES;
				CLANG_WARN_EMPTY_BODY = YES;
				CLANG_WARN_ENUM_CONVERSION = YES;
				CLANG_WARN_INFINITE_RECURSION = YES;
				CLANG_WARN_INT_CONVERSION = YES;
				CLANG_WARN_NON_LITERAL_NULL_CONVERSION = YES;
				CLANG_WARN_OBJC_IMPLICIT_RETAIN_SELF = YES;
				CLANG_WARN_OBJC_LITERAL_CONVERSION = YES;
				CLANG_WARN_OBJC_ROOT_CLASS = YES_ERROR;
				CLANG_WARN_QUOTED_INCLUDE_IN_FRAMEWORK_HEADER = YES;
				CLANG_WARN_RANGE_LOOP_ANALYSIS = YES;
				CLANG_WARN_STRICT_PROTOTYPES = YES;
				CLANG_WARN_SUSPICIOUS_MOVE = YES;
				CLANG_WARN_UNGUARDED_AVAILABILITY = YES_AGGRESSIVE;
				CLANG_WARN_UNREACHABLE_CODE = YES;
				CLANG_WARN__DUPLICATE_METHOD_MATCH = YES;
				COPY_PHASE_STRIP = NO;
				DEBUG_INFORMATION_FORMAT = dwarf;
				ENABLE_STRICT_OBJC_MSGSEND = YES;
				ENABLE_TESTABILITY = YES;
				GCC_C_LANGUAGE_STANDARD = gnu11;
				GCC_DYNAMIC_NO_PIC = NO;
				GCC_NO_COMMON_BLOCKS = YES;
				GCC_OPTIMIZATION_LEVEL = 0;
				GCC_PREPROCESSOR_DEFINITIONS = (
					"DEBUG=1",
					"$(inherited)",
				);
				GCC_WARN_64_TO_32_BIT_CONVERSION = YES;
				GCC_WARN_ABOUT_RETURN_TYPE = YES_ERROR;
				GCC_WARN_UNDECLARED_SELECTOR = YES;
				GCC_WARN_UNINITIALIZED_AUTOS = YES_AGGRESSIVE;
				GCC_WARN_UNUSED_FUNCTION = YES;
				GCC_WARN_UNUSED_VARIABLE = YES;
				IPHONEOS_DEPLOYMENT_TARGET = 14.4;
				MTL_ENABLE_DEBUG_INFO = INCLUDE_SOURCE;
				MTL_FAST_MATH = YES;
				ONLY_ACTIVE_ARCH = YES;
				SDKROOT = iphoneos;
				SWIFT_ACTIVE_COMPILATION_CONDITIONS = DEBUG;
				SWIFT_OPTIMIZATION_LEVEL = "-Onone";
			};
			name = Debug;
		};
		04A1AF7225DB435600C1F824 /* Release */ = {
			isa = XCBuildConfiguration;
			buildSettings = {
				ALWAYS_SEARCH_USER_PATHS = NO;
				CLANG_ANALYZER_NONNULL = YES;
				CLANG_ANALYZER_NUMBER_OBJECT_CONVERSION = YES_AGGRESSIVE;
				CLANG_CXX_LANGUAGE_STANDARD = "gnu++14";
				CLANG_CXX_LIBRARY = "libc++";
				CLANG_ENABLE_MODULES = YES;
				CLANG_ENABLE_OBJC_ARC = YES;
				CLANG_ENABLE_OBJC_WEAK = YES;
				CLANG_WARN_BLOCK_CAPTURE_AUTORELEASING = YES;
				CLANG_WARN_BOOL_CONVERSION = YES;
				CLANG_WARN_COMMA = YES;
				CLANG_WARN_CONSTANT_CONVERSION = YES;
				CLANG_WARN_DEPRECATED_OBJC_IMPLEMENTATIONS = YES;
				CLANG_WARN_DIRECT_OBJC_ISA_USAGE = YES_ERROR;
				CLANG_WARN_DOCUMENTATION_COMMENTS = YES;
				CLANG_WARN_EMPTY_BODY = YES;
				CLANG_WARN_ENUM_CONVERSION = YES;
				CLANG_WARN_INFINITE_RECURSION = YES;
				CLANG_WARN_INT_CONVERSION = YES;
				CLANG_WARN_NON_LITERAL_NULL_CONVERSION = YES;
				CLANG_WARN_OBJC_IMPLICIT_RETAIN_SELF = YES;
				CLANG_WARN_OBJC_LITERAL_CONVERSION = YES;
				CLANG_WARN_OBJC_ROOT_CLASS = YES_ERROR;
				CLANG_WARN_QUOTED_INCLUDE_IN_FRAMEWORK_HEADER = YES;
				CLANG_WARN_RANGE_LOOP_ANALYSIS = YES;
				CLANG_WARN_STRICT_PROTOTYPES = YES;
				CLANG_WARN_SUSPICIOUS_MOVE = YES;
				CLANG_WARN_UNGUARDED_AVAILABILITY = YES_AGGRESSIVE;
				CLANG_WARN_UNREACHABLE_CODE = YES;
				CLANG_WARN__DUPLICATE_METHOD_MATCH = YES;
				COPY_PHASE_STRIP = NO;
				DEBUG_INFORMATION_FORMAT = "dwarf-with-dsym";
				ENABLE_NS_ASSERTIONS = NO;
				ENABLE_STRICT_OBJC_MSGSEND = YES;
				GCC_C_LANGUAGE_STANDARD = gnu11;
				GCC_NO_COMMON_BLOCKS = YES;
				GCC_WARN_64_TO_32_BIT_CONVERSION = YES;
				GCC_WARN_ABOUT_RETURN_TYPE = YES_ERROR;
				GCC_WARN_UNDECLARED_SELECTOR = YES;
				GCC_WARN_UNINITIALIZED_AUTOS = YES_AGGRESSIVE;
				GCC_WARN_UNUSED_FUNCTION = YES;
				GCC_WARN_UNUSED_VARIABLE = YES;
				IPHONEOS_DEPLOYMENT_TARGET = 14.4;
				MTL_ENABLE_DEBUG_INFO = NO;
				MTL_FAST_MATH = YES;
				SDKROOT = iphoneos;
				SWIFT_COMPILATION_MODE = wholemodule;
				SWIFT_OPTIMIZATION_LEVEL = "-O";
				VALIDATE_PRODUCT = YES;
			};
			name = Release;
		};
		04A1AF7425DB435600C1F824 /* Debug */ = {
			isa = XCBuildConfiguration;
			buildSettings = {
				ASSETCATALOG_COMPILER_APPICON_NAME = AppIcon;
				ASSETCATALOG_COMPILER_GLOBAL_ACCENT_COLOR_NAME = AccentColor;
				CODE_SIGN_STYLE = Automatic;
				DEVELOPMENT_TEAM = 67V6V79892;
				INFOPLIST_FILE = CleanSwift/Info.plist;
				LD_RUNPATH_SEARCH_PATHS = (
					"$(inherited)",
					"@executable_path/Frameworks",
				);
				PRODUCT_BUNDLE_IDENTIFIER = com.Yolo.CleanSwift;
				PRODUCT_NAME = "$(TARGET_NAME)";
				SWIFT_VERSION = 5.0;
				TARGETED_DEVICE_FAMILY = "1,2";
			};
			name = Debug;
		};
		04A1AF7525DB435600C1F824 /* Release */ = {
			isa = XCBuildConfiguration;
			buildSettings = {
				ASSETCATALOG_COMPILER_APPICON_NAME = AppIcon;
				ASSETCATALOG_COMPILER_GLOBAL_ACCENT_COLOR_NAME = AccentColor;
				CODE_SIGN_STYLE = Automatic;
				DEVELOPMENT_TEAM = 67V6V79892;
				INFOPLIST_FILE = CleanSwift/Info.plist;
				LD_RUNPATH_SEARCH_PATHS = (
					"$(inherited)",
					"@executable_path/Frameworks",
				);
				PRODUCT_BUNDLE_IDENTIFIER = com.Yolo.CleanSwift;
				PRODUCT_NAME = "$(TARGET_NAME)";
				SWIFT_VERSION = 5.0;
				TARGETED_DEVICE_FAMILY = "1,2";
			};
			name = Release;
		};
/* End XCBuildConfiguration section */

/* Begin XCConfigurationList section */
		04A1AF5A25DB435400C1F824 /* Build configuration list for PBXProject "CleanSwift" */ = {
			isa = XCConfigurationList;
			buildConfigurations = (
				04A1AF7125DB435600C1F824 /* Debug */,
				04A1AF7225DB435600C1F824 /* Release */,
			);
			defaultConfigurationIsVisible = 0;
			defaultConfigurationName = Release;
		};
		04A1AF7325DB435600C1F824 /* Build configuration list for PBXNativeTarget "CleanSwift" */ = {
			isa = XCConfigurationList;
			buildConfigurations = (
				04A1AF7425DB435600C1F824 /* Debug */,
				04A1AF7525DB435600C1F824 /* Release */,
			);
			defaultConfigurationIsVisible = 0;
			defaultConfigurationName = Release;
		};
/* End XCConfigurationList section */

/* Begin XCRemoteSwiftPackageReference section */
		04A1AF9725DB455300C1F824 /* XCRemoteSwiftPackageReference "Alamofire" */ = {
			isa = XCRemoteSwiftPackageReference;
			repositoryURL = "https://github.com/Alamofire/Alamofire";
			requirement = {
				kind = upToNextMajorVersion;
				minimumVersion = 5.4.1;
			};
		};
		04A1AF9B25DB462200C1F824 /* XCRemoteSwiftPackageReference "Kingfisher" */ = {
			isa = XCRemoteSwiftPackageReference;
			repositoryURL = "https://github.com/onevcat/Kingfisher";
			requirement = {
				kind = upToNextMajorVersion;
				minimumVersion = 6.1.0;
			};
		};
/* End XCRemoteSwiftPackageReference section */

/* Begin XCSwiftPackageProductDependency section */
		04A1AF9825DB455300C1F824 /* Alamofire */ = {
			isa = XCSwiftPackageProductDependency;
			package = 04A1AF9725DB455300C1F824 /* XCRemoteSwiftPackageReference "Alamofire" */;
			productName = Alamofire;
		};
		04A1AF9C25DB462200C1F824 /* Kingfisher */ = {
			isa = XCSwiftPackageProductDependency;
			package = 04A1AF9B25DB462200C1F824 /* XCRemoteSwiftPackageReference "Kingfisher" */;
			productName = Kingfisher;
		};
/* End XCSwiftPackageProductDependency section */
	};
	rootObject = 04A1AF5725DB435400C1F824 /* Project object */;
}
